
Microsoft Visual Studio Solution File, Format Version 12.00
Project("{FAE04EC0-301F-11D3-BF4B-00C04F79EFBC}") = "Organizador PEC-6-60", "Organizador PEC-6-60\Organizador PEC-6-60.csproj", "{BC08AA14-38A6-4A8D-AEC1-CA2979B2DC0B}"
EndProject
Global
	GlobalSection(SolutionConfigurationPlatforms) = preSolution
		Debug|Any CPU = Debug|Any CPU
		Release|Any CPU = Release|Any CPU
	EndGlobalSection
	GlobalSection(ProjectConfigurationPlatforms) = postSolution
		{BC08AA14-38A6-4A8D-AEC1-CA2979B2DC0B}.Debug|Any CPU.ActiveCfg = Debug|Any CPU
		{BC08AA14-38A6-4A8D-AEC1-CA2979B2DC0B}.Debug|Any CPU.Build.0 = Debug|Any CPU
		{BC08AA14-38A6-4A8D-AEC1-CA2979B2DC0B}.Release|Any CPU.ActiveCfg = Release|Any CPU
		{BC08AA14-38A6-4A8D-AEC1-CA2979B2DC0B}.Release|Any CPU.Build.0 = Release|Any CPU
	EndGlobalSection
EndGlobal
